
Microsoft Visual Studio Solution File, Format Version 12.00
Project("{FAE04EC0-301F-11D3-BF4B-00C04F79EFBC}") = "KTSGServerCommon", "KTSGServerCommon\KTSGServerCommon.csproj", "{5BA24D52-2960-466C-B642-ADA4FAAAAC7C}"
EndProject
Project("{FAE04EC0-301F-11D3-BF4B-00C04F79EFBC}") = "LiteNetLib", "LiteNetLib\LiteNetLib.csproj", "{011E9230-899D-4FE5-B06B-413A451A46B7}"
EndProject
Global
	GlobalSection(SolutionConfigurationPlatforms) = preSolution
		Debug|Any CPU = Debug|Any CPU
		Release|Any CPU = Release|Any CPU
	EndGlobalSection
	GlobalSection(ProjectConfigurationPlatforms) = postSolution
		{5BA24D52-2960-466C-B642-ADA4FAAAAC7C}.Debug|Any CPU.ActiveCfg = Debug|Any CPU
		{5BA24D52-2960-466C-B642-ADA4FAAAAC7C}.Debug|Any CPU.Build.0 = Debug|Any CPU
		{5BA24D52-2960-466C-B642-ADA4FAAAAC7C}.Release|Any CPU.ActiveCfg = Release|Any CPU
		{5BA24D52-2960-466C-B642-ADA4FAAAAC7C}.Release|Any CPU.Build.0 = Release|Any CPU
		{011E9230-899D-4FE5-B06B-413A451A46B7}.Debug|Any CPU.ActiveCfg = Debug|Any CPU
		{011E9230-899D-4FE5-B06B-413A451A46B7}.Debug|Any CPU.Build.0 = Debug|Any CPU
		{011E9230-899D-4FE5-B06B-413A451A46B7}.Release|Any CPU.ActiveCfg = Release|Any CPU
		{011E9230-899D-4FE5-B06B-413A451A46B7}.Release|Any CPU.Build.0 = Release|Any CPU
	EndGlobalSection
EndGlobal
